
Microsoft Visual Studio Solution File, Format Version 12.00
# Visual Studio Version 17
VisualStudioVersion = 17.0.31903.59
MinimumVisualStudioVersion = 10.0.40219.1
Project("{FAE04EC0-301F-11D3-BF4B-00C04F79EFBC}") = "ECommerce.API", "ECommerce.API\ECommerce.API.csproj", "{FA573CAB-E71B-4E6C-91DE-B986464827AA}"
EndProject
Global
	GlobalSection(SolutionProperties) = preSolution
		HideSolutionNode = FALSE
	EndGlobalSection
	GlobalSection(ExtensibilityGlobals) = postSolution
		SolutionGuid = {529F5D07-4121-41B1-BA9F-111F54D1BF66}
	EndGlobalSection
	GlobalSection(SolutionConfigurationPlatforms) = preSolution
		Debug|Any CPU = Debug|Any CPU
		Debug|x64 = Debug|x64
		Debug|x86 = Debug|x86
		Release|Any CPU = Release|Any CPU
		Release|x64 = Release|x64
		Release|x86 = Release|x86
	EndGlobalSection
	GlobalSection(ProjectConfigurationPlatforms) = postSolution
		{FA573CAB-E71B-4E6C-91DE-B986464827AA}.Debug|Any CPU.ActiveCfg = Debug|Any CPU
		{FA573CAB-E71B-4E6C-91DE-B986464827AA}.Debug|Any CPU.Build.0 = Debug|Any CPU
		{FA573CAB-E71B-4E6C-91DE-B986464827AA}.Debug|x64.ActiveCfg = Debug|Any CPU
		{FA573CAB-E71B-4E6C-91DE-B986464827AA}.Debug|x64.Build.0 = Debug|Any CPU
		{FA573CAB-E71B-4E6C-91DE-B986464827AA}.Debug|x86.ActiveCfg = Debug|Any CPU
		{FA573CAB-E71B-4E6C-91DE-B986464827AA}.Debug|x86.Build.0 = Debug|Any CPU
		{FA573CAB-E71B-4E6C-91DE-B986464827AA}.Release|Any CPU.ActiveCfg = Release|Any CPU
		{FA573CAB-E71B-4E6C-91DE-B986464827AA}.Release|Any CPU.Build.0 = Release|Any CPU
		{FA573CAB-E71B-4E6C-91DE-B986464827AA}.Release|x64.ActiveCfg = Release|Any CPU
		{FA573CAB-E71B-4E6C-91DE-B986464827AA}.Release|x64.Build.0 = Release|Any CPU
		{FA573CAB-E71B-4E6C-91DE-B986464827AA}.Release|x86.ActiveCfg = Release|Any CPU
		{FA573CAB-E71B-4E6C-91DE-B986464827AA}.Release|x86.Build.0 = Release|Any CPU
	EndGlobalSection
EndGlobal
